
Microsoft Visual Studio Solution File, Format Version 12.00
# Visual Studio 15
VisualStudioVersion = 15.0.27703.1
MinimumVisualStudioVersion = 10.0.40219.1
Project("{FAE04EC0-301F-11D3-BF4B-00C04F79EFBC}") = "SQL", "SQL\SQL.csproj", "{9660EB85-2EA8-406F-B4BC-EAED4B89BB02}"
EndProject
Global
	GlobalSection(SolutionConfigurationPlatforms) = preSolution
		Debug|Any CPU = Debug|Any CPU
		Release|Any CPU = Release|Any CPU
	EndGlobalSection
	GlobalSection(ProjectConfigurationPlatforms) = postSolution
		{9660EB85-2EA8-406F-B4BC-EAED4B89BB02}.Debug|Any CPU.ActiveCfg = Debug|Any CPU
		{9660EB85-2EA8-406F-B4BC-EAED4B89BB02}.Debug|Any CPU.Build.0 = Debug|Any CPU
		{9660EB85-2EA8-406F-B4BC-EAED4B89BB02}.Release|Any CPU.ActiveCfg = Release|Any CPU
		{9660EB85-2EA8-406F-B4BC-EAED4B89BB02}.Release|Any CPU.Build.0 = Release|Any CPU
	EndGlobalSection
	GlobalSection(SolutionProperties) = preSolution
		HideSolutionNode = FALSE
	EndGlobalSection
	GlobalSection(ExtensibilityGlobals) = postSolution
		SolutionGuid = {E2D7867C-CAD4-4181-85B9-75998641864B}
	EndGlobalSection
EndGlobal
